// !$*UTF8*$!
{
	archiveVersion = 1;
	classes = {
	};
	objectVersion = 46;
	objects = {

/* Begin PBXBuildFile section */
		AB84B398180F9C65005A158B /* Foundation.framework in Frameworks */ = {isa = PBXBuildFile; fileRef = AB84B397180F9C65005A158B /* Foundation.framework */; };
		AB84B39A180F9C65005A158B /* CoreGraphics.framework in Frameworks */ = {isa = PBXBuildFile; fileRef = AB84B399180F9C65005A158B /* CoreGraphics.framework */; };
		AB84B39C180F9C65005A158B /* UIKit.framework in Frameworks */ = {isa = PBXBuildFile; fileRef = AB84B39B180F9C65005A158B /* UIKit.framework */; };
		AB84B39D180F9C65005A158B /* SpriteKit.framework in Frameworks */ = {isa = PBXBuildFile; fileRef = ABFDC71917B66ED500B99CEF /* SpriteKit.framework */; };
		AB84B3A3180F9C65005A158B /* InfoPlist.strings in Resources */ = {isa = PBXBuildFile; fileRef = AB84B3A1180F9C65005A158B /* InfoPlist.strings */; };
		AB84B3A5180F9C65005A158B /* main.m in Sources */ = {isa = PBXBuildFile; fileRef = AB84B3A4180F9C65005A158B /* main.m */; };
		AB84B3A9180F9C65005A158B /* ENHAppDelegate.m in Sources */ = {isa = PBXBuildFile; fileRef = AB84B3A8180F9C65005A158B /* ENHAppDelegate.m */; };
		AB84B3AC180F9C65005A158B /* Main_iPhone.storyboard in Resources */ = {isa = PBXBuildFile; fileRef = AB84B3AA180F9C65005A158B /* Main_iPhone.storyboard */; };
		AB84B3AF180F9C65005A158B /* Main_iPad.storyboard in Resources */ = {isa = PBXBuildFile; fileRef = AB84B3AD180F9C65005A158B /* Main_iPad.storyboard */; };
		AB84B3B2180F9C65005A158B /* ENHViewController.m in Sources */ = {isa = PBXBuildFile; fileRef = AB84B3B1180F9C65005A158B /* ENHViewController.m */; };
		AB84B3B5180F9C65005A158B /* ENHiOSScene.m in Sources */ = {isa = PBXBuildFile; fileRef = AB84B3B4180F9C65005A158B /* ENHiOSScene.m */; };
		AB84B3B9180F9C65005A158B /* Images.xcassets in Resources */ = {isa = PBXBuildFile; fileRef = AB84B3B8180F9C65005A158B /* Images.xcassets */; };
		AB84B3D4180F9CC7005A158B /* ENHBaseScene.m in Sources */ = {isa = PBXBuildFile; fileRef = AB84B3D3180F9CC7005A158B /* ENHBaseScene.m */; };
		AB84B3D6180F9D4C005A158B /* ENHBaseScene.m in Sources */ = {isa = PBXBuildFile; fileRef = AB84B3D3180F9CC7005A158B /* ENHBaseScene.m */; };
		AB84B3DA181044A7005A158B /* CoreMotion.framework in Frameworks */ = {isa = PBXBuildFile; fileRef = AB84B3D9181044A7005A158B /* CoreMotion.framework */; };
		ABC4906C182D51570046912A /* ENHSimplifyingCoreGraphics.m in Sources */ = {isa = PBXBuildFile; fileRef = ABC4906B182D51570046912A /* ENHSimplifyingCoreGraphics.m */; };
		ABC4906D182D51570046912A /* ENHSimplifyingCoreGraphics.m in Sources */ = {isa = PBXBuildFile; fileRef = ABC4906B182D51570046912A /* ENHSimplifyingCoreGraphics.m */; };
		ABDB090218275EBE00AD4956 /* ENHSKTextureMetadata.m in Sources */ = {isa = PBXBuildFile; fileRef = ABDB090118275EBE00AD4956 /* ENHSKTextureMetadata.m */; };
		ABDB090318275EBE00AD4956 /* ENHSKTextureMetadata.m in Sources */ = {isa = PBXBuildFile; fileRef = ABDB090118275EBE00AD4956 /* ENHSKTextureMetadata.m */; };
		ABFDC71817B66ED500B99CEF /* Cocoa.framework in Frameworks */ = {isa = PBXBuildFile; fileRef = ABFDC71717B66ED500B99CEF /* Cocoa.framework */; };
		ABFDC71A17B66ED500B99CEF /* SpriteKit.framework in Frameworks */ = {isa = PBXBuildFile; fileRef = ABFDC71917B66ED500B99CEF /* SpriteKit.framework */; };
		ABFDC72417B66ED500B99CEF /* InfoPlist.strings in Resources */ = {isa = PBXBuildFile; fileRef = ABFDC72217B66ED500B99CEF /* InfoPlist.strings */; };
		ABFDC72617B66ED500B99CEF /* main.m in Sources */ = {isa = PBXBuildFile; fileRef = ABFDC72517B66ED500B99CEF /* main.m */; };
		ABFDC72A17B66ED500B99CEF /* Credits.rtf in Resources */ = {isa = PBXBuildFile; fileRef = ABFDC72817B66ED500B99CEF /* Credits.rtf */; };
		ABFDC72C17B66ED500B99CEF /* MainMenu.xib in Resources */ = {isa = PBXBuildFile; fileRef = ABFDC72B17B66ED500B99CEF /* MainMenu.xib */; };
		ABFDC72E17B66ED500B99CEF /* ENHOSXScene.m in Sources */ = {isa = PBXBuildFile; fileRef = ABFDC72D17B66ED500B99CEF /* ENHOSXScene.m */; };
		ABFDC73117B66ED500B99CEF /* ENHAppDelegate.m in Sources */ = {isa = PBXBuildFile; fileRef = ABFDC73017B66ED500B99CEF /* ENHAppDelegate.m */; };
		ABFDC73617B66ED500B99CEF /* Images.xcassets in Resources */ = {isa = PBXBuildFile; fileRef = ABFDC73517B66ED500B99CEF /* Images.xcassets */; };
/* End PBXBuildFile section */

/* Begin PBXFileReference section */
		AB84B396180F9C64005A158B /* SpriteKitiOS.app */ = {isa = PBXFileReference; explicitFileType = wrapper.application; includeInIndex = 0; path = SpriteKitiOS.app; sourceTree = BUILT_PRODUCTS_DIR; };
		AB84B397180F9C65005A158B /* Foundation.framework */ = {isa = PBXFileReference; lastKnownFileType = wrapper.framework; name = Foundation.framework; path = System/Library/Frameworks/Foundation.framework; sourceTree = SDKROOT; };
		AB84B399180F9C65005A158B /* CoreGraphics.framework */ = {isa = PBXFileReference; lastKnownFileType = wrapper.framework; name = CoreGraphics.framework; path = System/Library/Frameworks/CoreGraphics.framework; sourceTree = SDKROOT; };
		AB84B39B180F9C65005A158B /* UIKit.framework */ = {isa = PBXFileReference; lastKnownFileType = wrapper.framework; name = UIKit.framework; path = Library/Frameworks/UIKit.framework; sourceTree = DEVELOPER_DIR; };
		AB84B3A0180F9C65005A158B /* SpriteKitiOS-Info.plist */ = {isa = PBXFileReference; lastKnownFileType = text.plist.xml; path = "SpriteKitiOS-Info.plist"; sourceTree = "<group>"; };
		AB84B3A2180F9C65005A158B /* en */ = {isa = PBXFileReference; lastKnownFileType = text.plist.strings; name = en; path = en.lproj/InfoPlist.strings; sourceTree = "<group>"; };
		AB84B3A4180F9C65005A158B /* main.m */ = {isa = PBXFileReference; lastKnownFileType = sourcecode.c.objc; path = main.m; sourceTree = "<group>"; };
		AB84B3A6180F9C65005A158B /* SpriteKitiOS-Prefix.pch */ = {isa = PBXFileReference; lastKnownFileType = sourcecode.c.h; path = "SpriteKitiOS-Prefix.pch"; sourceTree = "<group>"; };
		AB84B3A7180F9C65005A158B /* ENHAppDelegate.h */ = {isa = PBXFileReference; lastKnownFileType = sourcecode.c.h; path = ENHAppDelegate.h; sourceTree = "<group>"; };
		AB84B3A8180F9C65005A158B /* ENHAppDelegate.m */ = {isa = PBXFileReference; lastKnownFileType = sourcecode.c.objc; path = ENHAppDelegate.m; sourceTree = "<group>"; };
		AB84B3AB180F9C65005A158B /* Base */ = {isa = PBXFileReference; lastKnownFileType = file.storyboard; name = Base; path = Base.lproj/Main_iPhone.storyboard; sourceTree = "<group>"; };
		AB84B3AE180F9C65005A158B /* Base */ = {isa = PBXFileReference; lastKnownFileType = file.storyboard; name = Base; path = Base.lproj/Main_iPad.storyboard; sourceTree = "<group>"; };
		AB84B3B0180F9C65005A158B /* ENHViewController.h */ = {isa = PBXFileReference; lastKnownFileType = sourcecode.c.h; path = ENHViewController.h; sourceTree = "<group>"; };
		AB84B3B1180F9C65005A158B /* ENHViewController.m */ = {isa = PBXFileReference; lastKnownFileType = sourcecode.c.objc; path = ENHViewController.m; sourceTree = "<group>"; };
		AB84B3B3180F9C65005A158B /* ENHiOSScene.h */ = {isa = PBXFileReference; lastKnownFileType = sourcecode.c.h; path = ENHiOSScene.h; sourceTree = "<group>"; };
		AB84B3B4180F9C65005A158B /* ENHiOSScene.m */ = {isa = PBXFileReference; lastKnownFileType = sourcecode.c.objc; path = ENHiOSScene.m; sourceTree = "<group>"; };
		AB84B3B8180F9C65005A158B /* Images.xcassets */ = {isa = PBXFileReference; lastKnownFileType = folder.assetcatalog; path = Images.xcassets; sourceTree = "<group>"; };
		AB84B3D2180F9CC7005A158B /* ENHBaseScene.h */ = {isa = PBXFileReference; fileEncoding = 4; lastKnownFileType = sourcecode.c.h; name = ENHBaseScene.h; path = SharedScens/ENHBaseScene.h; sourceTree = "<group>"; };
		AB84B3D3180F9CC7005A158B /* ENHBaseScene.m */ = {isa = PBXFileReference; fileEncoding = 4; lastKnownFileType = sourcecode.c.objc; name = ENHBaseScene.m; path = SharedScens/ENHBaseScene.m; sourceTree = "<group>"; };
		AB84B3D8181043D2005A158B /* ENHBaseSceneProtected.h */ = {isa = PBXFileReference; lastKnownFileType = sourcecode.c.h; name = ENHBaseSceneProtected.h; path = SharedScens/ENHBaseSceneProtected.h; sourceTree = "<group>"; };
		AB84B3D9181044A7005A158B /* CoreMotion.framework */ = {isa = PBXFileReference; lastKnownFileType = wrapper.framework; name = CoreMotion.framework; path = Platforms/iPhoneOS.platform/Developer/SDKs/iPhoneOS7.0.sdk/System/Library/Frameworks/CoreMotion.framework; sourceTree = DEVELOPER_DIR; };
		ABC4906A182D51570046912A /* ENHSimplifyingCoreGraphics.h */ = {isa = PBXFileReference; fileEncoding = 4; lastKnownFileType = sourcecode.c.h; name = ENHSimplifyingCoreGraphics.h; path = SharedScens/ENHSimplifyingCoreGraphics.h; sourceTree = "<group>"; };
		ABC4906B182D51570046912A /* ENHSimplifyingCoreGraphics.m */ = {isa = PBXFileReference; fileEncoding = 4; lastKnownFileType = sourcecode.c.objc; name = ENHSimplifyingCoreGraphics.m; path = SharedScens/ENHSimplifyingCoreGraphics.m; sourceTree = "<group>"; };
		ABDB090018275EBE00AD4956 /* ENHSKTextureMetadata.h */ = {isa = PBXFileReference; fileEncoding = 4; lastKnownFileType = sourcecode.c.h; name = ENHSKTextureMetadata.h; path = SharedScens/ENHSKTextureMetadata.h; sourceTree = "<group>"; };
		ABDB090118275EBE00AD4956 /* ENHSKTextureMetadata.m */ = {isa = PBXFileReference; fileEncoding = 4; lastKnownFileType = sourcecode.c.objc; name = ENHSKTextureMetadata.m; path = SharedScens/ENHSKTextureMetadata.m; sourceTree = "<group>"; };
		ABFDC71417B66ED500B99CEF /* SpriteKitMavericks.app */ = {isa = PBXFileReference; explicitFileType = wrapper.application; includeInIndex = 0; path = SpriteKitMavericks.app; sourceTree = BUILT_PRODUCTS_DIR; };
		ABFDC71717B66ED500B99CEF /* Cocoa.framework */ = {isa = PBXFileReference; lastKnownFileType = wrapper.framework; name = Cocoa.framework; path = System/Library/Frameworks/Cocoa.framework; sourceTree = SDKROOT; };
		ABFDC71917B66ED500B99CEF /* SpriteKit.framework */ = {isa = PBXFileReference; lastKnownFileType = wrapper.framework; name = SpriteKit.framework; path = System/Library/Frameworks/SpriteKit.framework; sourceTree = SDKROOT; };
		ABFDC71C17B66ED500B99CEF /* AppKit.framework */ = {isa = PBXFileReference; lastKnownFileType = wrapper.framework; name = AppKit.framework; path = System/Library/Frameworks/AppKit.framework; sourceTree = SDKROOT; };
		ABFDC71D17B66ED500B99CEF /* CoreData.framework */ = {isa = PBXFileReference; lastKnownFileType = wrapper.framework; name = CoreData.framework; path = System/Library/Frameworks/CoreData.framework; sourceTree = SDKROOT; };
		ABFDC71E17B66ED500B99CEF /* Foundation.framework */ = {isa = PBXFileReference; lastKnownFileType = wrapper.framework; name = Foundation.framework; path = System/Library/Frameworks/Foundation.framework; sourceTree = SDKROOT; };
		ABFDC72117B66ED500B99CEF /* SpriteKit0-Info.plist */ = {isa = PBXFileReference; lastKnownFileType = text.plist.xml; path = "SpriteKit0-Info.plist"; sourceTree = "<group>"; };
		ABFDC72317B66ED500B99CEF /* en */ = {isa = PBXFileReference; lastKnownFileType = text.plist.strings; name = en; path = en.lproj/InfoPlist.strings; sourceTree = "<group>"; };
		ABFDC72517B66ED500B99CEF /* main.m */ = {isa = PBXFileReference; lastKnownFileType = sourcecode.c.objc; path = main.m; sourceTree = "<group>"; };
		ABFDC72717B66ED500B99CEF /* SpriteKit0-Prefix.pch */ = {isa = PBXFileReference; lastKnownFileType = sourcecode.c.h; path = "SpriteKit0-Prefix.pch"; sourceTree = "<group>"; };
		ABFDC72917B66ED500B99CEF /* en */ = {isa = PBXFileReference; lastKnownFileType = text.rtf; name = en; path = en.lproj/Credits.rtf; sourceTree = "<group>"; };
		ABFDC72B17B66ED500B99CEF /* MainMenu.xib */ = {isa = PBXFileReference; lastKnownFileType = file.xib; path = MainMenu.xib; sourceTree = "<group>"; };
		ABFDC72D17B66ED500B99CEF /* ENHOSXScene.m */ = {isa = PBXFileReference; lastKnownFileType = sourcecode.c.objc; path = ENHOSXScene.m; sourceTree = "<group>"; };
		ABFDC72F17B66ED500B99CEF /* ENHOSXScene.h */ = {isa = PBXFileReference; lastKnownFileType = sourcecode.c.h; path = ENHOSXScene.h; sourceTree = "<group>"; };
		ABFDC73017B66ED500B99CEF /* ENHAppDelegate.m */ = {isa = PBXFileReference; lastKnownFileType = sourcecode.c.objc; path = ENHAppDelegate.m; sourceTree = "<group>"; };
		ABFDC73217B66ED500B99CEF /* ENHAppDelegate.h */ = {isa = PBXFileReference; lastKnownFileType = sourcecode.c.h; path = ENHAppDelegate.h; sourceTree = "<group>"; };
		ABFDC73517B66ED500B99CEF /* Images.xcassets */ = {isa = PBXFileReference; lastKnownFileType = folder.assetcatalog; path = Images.xcassets; sourceTree = "<group>"; };
		ABFDC73C17B66ED500B99CEF /* XCTest.framework */ = {isa = PBXFileReference; lastKnownFileType = wrapper.framework; name = XCTest.framework; path = Library/Frameworks/XCTest.framework; sourceTree = DEVELOPER_DIR; };
/* End PBXFileReference section */

/* Begin PBXFrameworksBuildPhase section */
		AB84B393180F9C64005A158B /* Frameworks */ = {
			isa = PBXFrameworksBuildPhase;
			buildActionMask = 2147483647;
			files = (
				AB84B3DA181044A7005A158B /* CoreMotion.framework in Frameworks */,
				AB84B39A180F9C65005A158B /* CoreGraphics.framework in Frameworks */,
				AB84B39C180F9C65005A158B /* UIKit.framework in Frameworks */,
				AB84B39D180F9C65005A158B /* SpriteKit.framework in Frameworks */,
				AB84B398180F9C65005A158B /* Foundation.framework in Frameworks */,
			);
			runOnlyForDeploymentPostprocessing = 0;
		};
		ABFDC71117B66ED500B99CEF /* Frameworks */ = {
			isa = PBXFrameworksBuildPhase;
			buildActionMask = 2147483647;
			files = (
				ABFDC71A17B66ED500B99CEF /* SpriteKit.framework in Frameworks */,
				ABFDC71817B66ED500B99CEF /* Cocoa.framework in Frameworks */,
			);
			runOnlyForDeploymentPostprocessing = 0;
		};
/* End PBXFrameworksBuildPhase section */

/* Begin PBXGroup section */
		AB84B39E180F9C65005A158B /* SpriteKitiOS */ = {
			isa = PBXGroup;
			children = (
				AB84B3A7180F9C65005A158B /* ENHAppDelegate.h */,
				AB84B3A8180F9C65005A158B /* ENHAppDelegate.m */,
				AB84B3AA180F9C65005A158B /* Main_iPhone.storyboard */,
				AB84B3AD180F9C65005A158B /* Main_iPad.storyboard */,
				AB84B3B0180F9C65005A158B /* ENHViewController.h */,
				AB84B3B1180F9C65005A158B /* ENHViewController.m */,
				AB84B3B3180F9C65005A158B /* ENHiOSScene.h */,
				AB84B3B4180F9C65005A158B /* ENHiOSScene.m */,
				AB84B3B8180F9C65005A158B /* Images.xcassets */,
				AB84B39F180F9C65005A158B /* Supporting Files */,
			);
			path = SpriteKitiOS;
			sourceTree = "<group>";
		};
		AB84B39F180F9C65005A158B /* Supporting Files */ = {
			isa = PBXGroup;
			children = (
				AB84B3A0180F9C65005A158B /* SpriteKitiOS-Info.plist */,
				AB84B3A1180F9C65005A158B /* InfoPlist.strings */,
				AB84B3A4180F9C65005A158B /* main.m */,
				AB84B3A6180F9C65005A158B /* SpriteKitiOS-Prefix.pch */,
			);
			name = "Supporting Files";
			sourceTree = "<group>";
		};
		AB84B3D5180F9CCF005A158B /* Shared */ = {
			isa = PBXGroup;
			children = (
				ABC4906A182D51570046912A /* ENHSimplifyingCoreGraphics.h */,
				ABC4906B182D51570046912A /* ENHSimplifyingCoreGraphics.m */,
				ABDB090018275EBE00AD4956 /* ENHSKTextureMetadata.h */,
				ABDB090118275EBE00AD4956 /* ENHSKTextureMetadata.m */,
				AB84B3D8181043D2005A158B /* ENHBaseSceneProtected.h */,
				AB84B3D2180F9CC7005A158B /* ENHBaseScene.h */,
				AB84B3D3180F9CC7005A158B /* ENHBaseScene.m */,
			);
			name = Shared;
			sourceTree = "<group>";
		};
		ABFDC70B17B66ED500B99CEF = {
			isa = PBXGroup;
			children = (
				AB84B3D5180F9CCF005A158B /* Shared */,
				ABFDC71F17B66ED500B99CEF /* SpriteKitMavericks */,
				AB84B39E180F9C65005A158B /* SpriteKitiOS */,
				ABFDC71617B66ED500B99CEF /* Frameworks */,
				ABFDC71517B66ED500B99CEF /* Products */,
			);
			sourceTree = "<group>";
		};
		ABFDC71517B66ED500B99CEF /* Products */ = {
			isa = PBXGroup;
			children = (
				ABFDC71417B66ED500B99CEF /* SpriteKitMavericks.app */,
				AB84B396180F9C64005A158B /* SpriteKitiOS.app */,
			);
			name = Products;
			sourceTree = "<group>";
		};
		ABFDC71617B66ED500B99CEF /* Frameworks */ = {
			isa = PBXGroup;
			children = (
				AB84B3D9181044A7005A158B /* CoreMotion.framework */,
				ABFDC71717B66ED500B99CEF /* Cocoa.framework */,
				ABFDC71917B66ED500B99CEF /* SpriteKit.framework */,
				ABFDC73C17B66ED500B99CEF /* XCTest.framework */,
				AB84B397180F9C65005A158B /* Foundation.framework */,
				AB84B399180F9C65005A158B /* CoreGraphics.framework */,
				AB84B39B180F9C65005A158B /* UIKit.framework */,
				ABFDC71B17B66ED500B99CEF /* Other Frameworks */,
			);
			name = Frameworks;
			sourceTree = "<group>";
		};
		ABFDC71B17B66ED500B99CEF /* Other Frameworks */ = {
			isa = PBXGroup;
			children = (
				ABFDC71C17B66ED500B99CEF /* AppKit.framework */,
				ABFDC71D17B66ED500B99CEF /* CoreData.framework */,
				ABFDC71E17B66ED500B99CEF /* Foundation.framework */,
			);
			name = "Other Frameworks";
			sourceTree = "<group>";
		};
		ABFDC71F17B66ED500B99CEF /* SpriteKitMavericks */ = {
			isa = PBXGroup;
			children = (
				ABFDC72B17B66ED500B99CEF /* MainMenu.xib */,
				ABFDC72F17B66ED500B99CEF /* ENHOSXScene.h */,
				ABFDC72D17B66ED500B99CEF /* ENHOSXScene.m */,
				ABFDC73217B66ED500B99CEF /* ENHAppDelegate.h */,
				ABFDC73017B66ED500B99CEF /* ENHAppDelegate.m */,
				ABFDC73517B66ED500B99CEF /* Images.xcassets */,
				ABFDC72017B66ED500B99CEF /* Supporting Files */,
			);
			name = SpriteKitMavericks;
			path = SpriteKit0;
			sourceTree = "<group>";
		};
		ABFDC72017B66ED500B99CEF /* Supporting Files */ = {
			isa = PBXGroup;
			children = (
				ABFDC72117B66ED500B99CEF /* SpriteKit0-Info.plist */,
				ABFDC72217B66ED500B99CEF /* InfoPlist.strings */,
				ABFDC72517B66ED500B99CEF /* main.m */,
				ABFDC72717B66ED500B99CEF /* SpriteKit0-Prefix.pch */,
				ABFDC72817B66ED500B99CEF /* Credits.rtf */,
			);
			name = "Supporting Files";
			sourceTree = "<group>";
		};
/* End PBXGroup section */

/* Begin PBXNativeTarget section */
		AB84B395180F9C64005A158B /* SpriteKitiOS */ = {
			isa = PBXNativeTarget;
			buildConfigurationList = AB84B3D0180F9C65005A158B /* Build configuration list for PBXNativeTarget "SpriteKitiOS" */;
			buildPhases = (
				AB84B392180F9C64005A158B /* Sources */,
				AB84B393180F9C64005A158B /* Frameworks */,
				AB84B394180F9C64005A158B /* Resources */,
			);
			buildRules = (
			);
			dependencies = (
			);
			name = SpriteKitiOS;
			productName = SpriteKitiOS;
			productReference = AB84B396180F9C64005A158B /* SpriteKitiOS.app */;
			productType = "com.apple.product-type.application";
		};
		ABFDC71317B66ED500B99CEF /* SpriteKitMavericks */ = {
			isa = PBXNativeTarget;
			buildConfigurationList = ABFDC74B17B66ED500B99CEF /* Build configuration list for PBXNativeTarget "SpriteKitMavericks" */;
			buildPhases = (
				ABFDC71017B66ED500B99CEF /* Sources */,
				ABFDC71117B66ED500B99CEF /* Frameworks */,
				ABFDC71217B66ED500B99CEF /* Resources */,
			);
			buildRules = (
			);
			dependencies = (
			);
			name = SpriteKitMavericks;
			productName = SpriteKit0;
			productReference = ABFDC71417B66ED500B99CEF /* SpriteKitMavericks.app */;
			productType = "com.apple.product-type.application";
		};
/* End PBXNativeTarget section */

/* Begin PBXProject section */
		ABFDC70C17B66ED500B99CEF /* Project object */ = {
			isa = PBXProject;
			attributes = {
				CLASSPREFIX = ENH;
				LastUpgradeCheck = 0500;
				ORGANIZATIONNAME = Enharmonic;
			};
			buildConfigurationList = ABFDC70F17B66ED500B99CEF /* Build configuration list for PBXProject "SpriteKit0" */;
			compatibilityVersion = "Xcode 3.2";
			developmentRegion = English;
			hasScannedForEncodings = 0;
			knownRegions = (
				en,
				Base,
			);
			mainGroup = ABFDC70B17B66ED500B99CEF;
			productRefGroup = ABFDC71517B66ED500B99CEF /* Products */;
			projectDirPath = "";
			projectRoot = "";
			targets = (
				ABFDC71317B66ED500B99CEF /* SpriteKitMavericks */,
				AB84B395180F9C64005A158B /* SpriteKitiOS */,
			);
		};
/* End PBXProject section */

/* Begin PBXResourcesBuildPhase section */
		AB84B394180F9C64005A158B /* Resources */ = {
			isa = PBXResourcesBuildPhase;
			buildActionMask = 2147483647;
			files = (
				AB84B3B9180F9C65005A158B /* Images.xcassets in Resources */,
				AB84B3AF180F9C65005A158B /* Main_iPad.storyboard in Resources */,
				AB84B3AC180F9C65005A158B /* Main_iPhone.storyboard in Resources */,
				AB84B3A3180F9C65005A158B /* InfoPlist.strings in Resources */,
			);
			runOnlyForDeploymentPostprocessing = 0;
		};
		ABFDC71217B66ED500B99CEF /* Resources */ = {
			isa = PBXResourcesBuildPhase;
			buildActionMask = 2147483647;
			files = (
				ABFDC73617B66ED500B99CEF /* Images.xcassets in Resources */,
				ABFDC72417B66ED500B99CEF /* InfoPlist.strings in Resources */,
				ABFDC72A17B66ED500B99CEF /* Credits.rtf in Resources */,
				ABFDC72C17B66ED500B99CEF /* MainMenu.xib in Resources */,
			);
			runOnlyForDeploymentPostprocessing = 0;
		};
/* End PBXResourcesBuildPhase section */

/* Begin PBXSourcesBuildPhase section */
		AB84B392180F9C64005A158B /* Sources */ = {
			isa = PBXSourcesBuildPhase;
			buildActionMask = 2147483647;
			files = (
				ABDB090318275EBE00AD4956 /* ENHSKTextureMetadata.m in Sources */,
				AB84B3D6180F9D4C005A158B /* ENHBaseScene.m in Sources */,
				AB84B3A9180F9C65005A158B /* ENHAppDelegate.m in Sources */,
				ABC4906D182D51570046912A /* ENHSimplifyingCoreGraphics.m in Sources */,
				AB84B3A5180F9C65005A158B /* main.m in Sources */,
				AB84B3B5180F9C65005A158B /* ENHiOSScene.m in Sources */,
				AB84B3B2180F9C65005A158B /* ENHViewController.m in Sources */,
			);
			runOnlyForDeploymentPostprocessing = 0;
		};
		ABFDC71017B66ED500B99CEF /* Sources */ = {
			isa = PBXSourcesBuildPhase;
			buildActionMask = 2147483647;
			files = (
				ABFDC72E17B66ED500B99CEF /* ENHOSXScene.m in Sources */,
				ABFDC73117B66ED500B99CEF /* ENHAppDelegate.m in Sources */,
				ABDB090218275EBE00AD4956 /* ENHSKTextureMetadata.m in Sources */,
				AB84B3D4180F9CC7005A158B /* ENHBaseScene.m in Sources */,
				ABFDC72617B66ED500B99CEF /* main.m in Sources */,
				ABC4906C182D51570046912A /* ENHSimplifyingCoreGraphics.m in Sources */,
			);
			runOnlyForDeploymentPostprocessing = 0;
		};
/* End PBXSourcesBuildPhase section */

/* Begin PBXVariantGroup section */
		AB84B3A1180F9C65005A158B /* InfoPlist.strings */ = {
			isa = PBXVariantGroup;
			children = (
				AB84B3A2180F9C65005A158B /* en */,
			);
			name = InfoPlist.strings;
			sourceTree = "<group>";
		};
		AB84B3AA180F9C65005A158B /* Main_iPhone.storyboard */ = {
			isa = PBXVariantGroup;
			children = (
				AB84B3AB180F9C65005A158B /* Base */,
			);
			name = Main_iPhone.storyboard;
			sourceTree = "<group>";
		};
		AB84B3AD180F9C65005A158B /* Main_iPad.storyboard */ = {
			isa = PBXVariantGroup;
			children = (
				AB84B3AE180F9C65005A158B /* Base */,
			);
			name = Main_iPad.storyboard;
			sourceTree = "<group>";
		};
		ABFDC72217B66ED500B99CEF /* InfoPlist.strings */ = {
			isa = PBXVariantGroup;
			children = (
				ABFDC72317B66ED500B99CEF /* en */,
			);
			name = InfoPlist.strings;
			sourceTree = "<group>";
		};
		ABFDC72817B66ED500B99CEF /* Credits.rtf */ = {
			isa = PBXVariantGroup;
			children = (
				ABFDC72917B66ED500B99CEF /* en */,
			);
			name = Credits.rtf;
			sourceTree = "<group>";
		};
/* End PBXVariantGroup section */

/* Begin XCBuildConfiguration section */
		AB84B3CC180F9C65005A158B /* Debug */ = {
			isa = XCBuildConfiguration;
			buildSettings = {
				ARCHS = "$(ARCHS_STANDARD_INCLUDING_64_BIT)";
				ASSETCATALOG_COMPILER_APPICON_NAME = AppIcon;
				ASSETCATALOG_COMPILER_LAUNCHIMAGE_NAME = LaunchImage;
				"CODE_SIGN_IDENTITY[sdk=iphoneos*]" = "iPhone Developer";
				FRAMEWORK_SEARCH_PATHS = (
					"$(inherited)",
					"$(DEVELOPER_FRAMEWORKS_DIR)",
				);
				GCC_PRECOMPILE_PREFIX_HEADER = YES;
				GCC_PREFIX_HEADER = "SpriteKitiOS/SpriteKitiOS-Prefix.pch";
				GCC_PREPROCESSOR_DEFINITIONS = (
					"DEBUG=1",
					"$(inherited)",
				);
				INFOPLIST_FILE = "SpriteKitiOS/SpriteKitiOS-Info.plist";
				IPHONEOS_DEPLOYMENT_TARGET = 7.0;
				PRODUCT_NAME = "$(TARGET_NAME)";
				SDKROOT = iphoneos;
				SPRITEKIT_TEXTURE_ATLAS_OUTPUT = YES;
				TARGETED_DEVICE_FAMILY = "1,2";
				WRAPPER_EXTENSION = app;
			};
			name = Debug;
		};
		AB84B3CD180F9C65005A158B /* Release */ = {
			isa = XCBuildConfiguration;
			buildSettings = {
				ARCHS = "$(ARCHS_STANDARD_INCLUDING_64_BIT)";
				ASSETCATALOG_COMPILER_APPICON_NAME = AppIcon;
				ASSETCATALOG_COMPILER_LAUNCHIMAGE_NAME = LaunchImage;
				"CODE_SIGN_IDENTITY[sdk=iphoneos*]" = "iPhone Developer";
				FRAMEWORK_SEARCH_PATHS = (
					"$(inherited)",
					"$(DEVELOPER_FRAMEWORKS_DIR)",
				);
				GCC_PRECOMPILE_PREFIX_HEADER = YES;
				GCC_PREFIX_HEADER = "SpriteKitiOS/SpriteKitiOS-Prefix.pch";
				INFOPLIST_FILE = "SpriteKitiOS/SpriteKitiOS-Info.plist";
				IPHONEOS_DEPLOYMENT_TARGET = 7.0;
				PRODUCT_NAME = "$(TARGET_NAME)";
				SDKROOT = iphoneos;
				SPRITEKIT_TEXTURE_ATLAS_OUTPUT = YES;
				TARGETED_DEVICE_FAMILY = "1,2";
				VALIDATE_PRODUCT = YES;
				WRAPPER_EXTENSION = app;
			};
			name = Release;
		};
		ABFDC74917B66ED500B99CEF /* Debug */ = {
			isa = XCBuildConfiguration;
			buildSettings = {
				ALWAYS_SEARCH_USER_PATHS = NO;
				CLANG_CXX_LANGUAGE_STANDARD = "gnu++0x";
				CLANG_CXX_LIBRARY = "libc++";
				CLANG_ENABLE_MODULES = YES;
				CLANG_ENABLE_OBJC_ARC = YES;
				CLANG_WARN_BOOL_CONVERSION = YES;
				CLANG_WARN_CONSTANT_CONVERSION = YES;
				CLANG_WARN_DIRECT_OBJC_ISA_USAGE = YES_ERROR;
				CLANG_WARN_EMPTY_BODY = YES;
				CLANG_WARN_ENUM_CONVERSION = YES;
				CLANG_WARN_INT_CONVERSION = YES;
				CLANG_WARN_OBJC_ROOT_CLASS = YES_ERROR;
				CLANG_WARN__DUPLICATE_METHOD_MATCH = YES;
				COPY_PHASE_STRIP = NO;
				GCC_C_LANGUAGE_STANDARD = gnu99;
				GCC_DYNAMIC_NO_PIC = NO;
				GCC_ENABLE_OBJC_EXCEPTIONS = YES;
				GCC_OPTIMIZATION_LEVEL = 0;
				GCC_PREPROCESSOR_DEFINITIONS = (
					"DEBUG=1",
					"$(inherited)",
				);
				GCC_SYMBOLS_PRIVATE_EXTERN = NO;
				GCC_WARN_64_TO_32_BIT_CONVERSION = YES;
				GCC_WARN_ABOUT_RETURN_TYPE = YES_ERROR;
				GCC_WARN_UNDECLARED_SELECTOR = YES;
				GCC_WARN_UNINITIALIZED_AUTOS = YES;
				GCC_WARN_UNUSED_FUNCTION = YES;
				GCC_WARN_UNUSED_VARIABLE = YES;
				MACOSX_DEPLOYMENT_TARGET = 10.9;
				ONLY_ACTIVE_ARCH = YES;
				SDKROOT = macosx;
			};
			name = Debug;
		};
		ABFDC74A17B66ED500B99CEF /* Release */ = {
			isa = XCBuildConfiguration;
			buildSettings = {
				ALWAYS_SEARCH_USER_PATHS = NO;
				CLANG_CXX_LANGUAGE_STANDARD = "gnu++0x";
				CLANG_CXX_LIBRARY = "libc++";
				CLANG_ENABLE_MODULES = YES;
				CLANG_ENABLE_OBJC_ARC = YES;
				CLANG_WARN_BOOL_CONVERSION = YES;
				CLANG_WARN_CONSTANT_CONVERSION = YES;
				CLANG_WARN_DIRECT_OBJC_ISA_USAGE = YES_ERROR;
				CLANG_WARN_EMPTY_BODY = YES;
				CLANG_WARN_ENUM_CONVERSION = YES;
				CLANG_WARN_INT_CONVERSION = YES;
				CLANG_WARN_OBJC_ROOT_CLASS = YES_ERROR;
				CLANG_WARN__DUPLICATE_METHOD_MATCH = YES;
				COPY_PHASE_STRIP = YES;
				DEBUG_INFORMATION_FORMAT = "dwarf-with-dsym";
				ENABLE_NS_ASSERTIONS = NO;
				GCC_C_LANGUAGE_STANDARD = gnu99;
				GCC_ENABLE_OBJC_EXCEPTIONS = YES;
				GCC_WARN_64_TO_32_BIT_CONVERSION = YES;
				GCC_WARN_ABOUT_RETURN_TYPE = YES_ERROR;
				GCC_WARN_UNDECLARED_SELECTOR = YES;
				GCC_WARN_UNINITIALIZED_AUTOS = YES;
				GCC_WARN_UNUSED_FUNCTION = YES;
				GCC_WARN_UNUSED_VARIABLE = YES;
				MACOSX_DEPLOYMENT_TARGET = 10.9;
				SDKROOT = macosx;
			};
			name = Release;
		};
		ABFDC74C17B66ED500B99CEF /* Debug */ = {
			isa = XCBuildConfiguration;
			buildSettings = {
				ASSETCATALOG_COMPILER_APPICON_NAME = AppIcon;
				COMBINE_HIDPI_IMAGES = YES;
				GCC_PRECOMPILE_PREFIX_HEADER = YES;
				GCC_PREFIX_HEADER = "SpriteKit0/SpriteKit0-Prefix.pch";
				INFOPLIST_FILE = "SpriteKit0/SpriteKit0-Info.plist";
				PRODUCT_NAME = "$(TARGET_NAME)";
				SDKROOT = macosx10.9;
				SPRITEKIT_TEXTURE_ATLAS_OUTPUT = YES;
				WRAPPER_EXTENSION = app;
			};
			name = Debug;
		};
		ABFDC74D17B66ED500B99CEF /* Release */ = {
			isa = XCBuildConfiguration;
			buildSettings = {
				ASSETCATALOG_COMPILER_APPICON_NAME = AppIcon;
				COMBINE_HIDPI_IMAGES = YES;
				GCC_PRECOMPILE_PREFIX_HEADER = YES;
				GCC_PREFIX_HEADER = "SpriteKit0/SpriteKit0-Prefix.pch";
				INFOPLIST_FILE = "SpriteKit0/SpriteKit0-Info.plist";
				PRODUCT_NAME = "$(TARGET_NAME)";
				SDKROOT = macosx10.9;
				SPRITEKIT_TEXTURE_ATLAS_OUTPUT = YES;
				WRAPPER_EXTENSION = app;
			};
			name = Release;
		};
/* End XCBuildConfiguration section */

/* Begin XCConfigurationList section */
		AB84B3D0180F9C65005A158B /* Build configuration list for PBXNativeTarget "SpriteKitiOS" */ = {
			isa = XCConfigurationList;
			buildConfigurations = (
				AB84B3CC180F9C65005A158B /* Debug */,
				AB84B3CD180F9C65005A158B /* Release */,
			);
			defaultConfigurationIsVisible = 0;
			defaultConfigurationName = Release;
		};
		ABFDC70F17B66ED500B99CEF /* Build configuration list for PBXProject "SpriteKit0" */ = {
			isa = XCConfigurationList;
			buildConfigurations = (
				ABFDC74917B66ED500B99CEF /* Debug */,
				ABFDC74A17B66ED500B99CEF /* Release */,
			);
			defaultConfigurationIsVisible = 0;
			defaultConfigurationName = Release;
		};
		ABFDC74B17B66ED500B99CEF /* Build configuration list for PBXNativeTarget "SpriteKitMavericks" */ = {
			isa = XCConfigurationList;
			buildConfigurations = (
				ABFDC74C17B66ED500B99CEF /* Debug */,
				ABFDC74D17B66ED500B99CEF /* Release */,
			);
			defaultConfigurationIsVisible = 0;
			defaultConfigurationName = Release;
		};
/* End XCConfigurationList section */
	};
	rootObject = ABFDC70C17B66ED500B99CEF /* Project object */;
}
